
Microsoft Visual Studio Solution File, Format Version 12.00
Project("{FAE04EC0-301F-11D3-BF4B-00C04F79EFBC}") = "HomeInventory.Model", "HomeInventory.Model\HomeInventory.Model.csproj", "{E0E80634-957B-47FB-90BA-42ED49AAB652}"
EndProject
Project("{FAE04EC0-301F-11D3-BF4B-00C04F79EFBC}") = "HomeInventory.Service", "HomeInventory.Service\HomeInventory.Service.csproj", "{7A4AED93-3038-4CAA-B7FE-6278F094BD85}"
EndProject
Project("{FAE04EC0-301F-11D3-BF4B-00C04F79EFBC}") = "HomeInventory.Database", "HomeInventory.Database\HomeInventory.Database.csproj", "{E360237A-42D2-40D4-816B-6E2BAF175076}"
EndProject
Project("{FAE04EC0-301F-11D3-BF4B-00C04F79EFBC}") = "HomeInventory.Model.Tests", "HomeInventory.Model.Tests\HomeInventory.Model.Tests.csproj", "{4D315D70-4EA5-452D-8507-DFECB1930780}"
EndProject
Project("{FAE04EC0-301F-11D3-BF4B-00C04F79EFBC}") = "HomeInventory.WebApi", "HomeInventory.WebApi\HomeInventory.WebApi.csproj", "{24500A5F-1438-44B3-88DF-A9BC3E73686D}"
EndProject
Project("{FAE04EC0-301F-11D3-BF4B-00C04F79EFBC}") = "HomeInventory.ApiModel", "HomeInventory.ApiModel\HomeInventory.ApiModel.csproj", "{3BB72FB2-40CF-4E3D-A79B-FBFEFB463F21}"
EndProject
Global
	GlobalSection(SolutionConfigurationPlatforms) = preSolution
		Debug|Any CPU = Debug|Any CPU
		Release|Any CPU = Release|Any CPU
	EndGlobalSection
	GlobalSection(ProjectConfigurationPlatforms) = postSolution
		{E0E80634-957B-47FB-90BA-42ED49AAB652}.Debug|Any CPU.ActiveCfg = Debug|Any CPU
		{E0E80634-957B-47FB-90BA-42ED49AAB652}.Debug|Any CPU.Build.0 = Debug|Any CPU
		{E0E80634-957B-47FB-90BA-42ED49AAB652}.Release|Any CPU.ActiveCfg = Release|Any CPU
		{E0E80634-957B-47FB-90BA-42ED49AAB652}.Release|Any CPU.Build.0 = Release|Any CPU
		{7A4AED93-3038-4CAA-B7FE-6278F094BD85}.Debug|Any CPU.ActiveCfg = Debug|Any CPU
		{7A4AED93-3038-4CAA-B7FE-6278F094BD85}.Debug|Any CPU.Build.0 = Debug|Any CPU
		{7A4AED93-3038-4CAA-B7FE-6278F094BD85}.Release|Any CPU.ActiveCfg = Release|Any CPU
		{7A4AED93-3038-4CAA-B7FE-6278F094BD85}.Release|Any CPU.Build.0 = Release|Any CPU
		{E360237A-42D2-40D4-816B-6E2BAF175076}.Debug|Any CPU.ActiveCfg = Debug|Any CPU
		{E360237A-42D2-40D4-816B-6E2BAF175076}.Debug|Any CPU.Build.0 = Debug|Any CPU
		{E360237A-42D2-40D4-816B-6E2BAF175076}.Release|Any CPU.ActiveCfg = Release|Any CPU
		{E360237A-42D2-40D4-816B-6E2BAF175076}.Release|Any CPU.Build.0 = Release|Any CPU
		{4D315D70-4EA5-452D-8507-DFECB1930780}.Debug|Any CPU.ActiveCfg = Debug|Any CPU
		{4D315D70-4EA5-452D-8507-DFECB1930780}.Debug|Any CPU.Build.0 = Debug|Any CPU
		{4D315D70-4EA5-452D-8507-DFECB1930780}.Release|Any CPU.ActiveCfg = Release|Any CPU
		{4D315D70-4EA5-452D-8507-DFECB1930780}.Release|Any CPU.Build.0 = Release|Any CPU
		{24500A5F-1438-44B3-88DF-A9BC3E73686D}.Debug|Any CPU.ActiveCfg = Debug|Any CPU
		{24500A5F-1438-44B3-88DF-A9BC3E73686D}.Debug|Any CPU.Build.0 = Debug|Any CPU
		{24500A5F-1438-44B3-88DF-A9BC3E73686D}.Release|Any CPU.ActiveCfg = Release|Any CPU
		{24500A5F-1438-44B3-88DF-A9BC3E73686D}.Release|Any CPU.Build.0 = Release|Any CPU
		{3BB72FB2-40CF-4E3D-A79B-FBFEFB463F21}.Debug|Any CPU.ActiveCfg = Debug|Any CPU
		{3BB72FB2-40CF-4E3D-A79B-FBFEFB463F21}.Debug|Any CPU.Build.0 = Debug|Any CPU
		{3BB72FB2-40CF-4E3D-A79B-FBFEFB463F21}.Release|Any CPU.ActiveCfg = Release|Any CPU
		{3BB72FB2-40CF-4E3D-A79B-FBFEFB463F21}.Release|Any CPU.Build.0 = Release|Any CPU
	EndGlobalSection
EndGlobal
